
Microsoft Visual Studio Solution File, Format Version 12.00
# Visual Studio Version 17
VisualStudioVersion = 17.10.35013.160
MinimumVisualStudioVersion = 10.0.40219.1
Project("{9A19103F-16F7-4668-BE54-9A1E7A4F7556}") = "Front2", "Front2\Front2.csproj", "{708C843D-BE42-4136-92B7-5F7C950AA1D4}"
EndProject
Project("{9A19103F-16F7-4668-BE54-9A1E7A4F7556}") = "Common", "Common\Common.csproj", "{EB220A3D-0CC0-4338-B0E2-96A951F346DE}"
EndProject
Project("{FAE04EC0-301F-11D3-BF4B-00C04F79EFBC}") = "Tests", "Tests\Tests.csproj", "{D2BD7BF8-E0BF-4935-954A-DB0D04DC6E0E}"
EndProject
Global
	GlobalSection(SolutionConfigurationPlatforms) = preSolution
		Debug|x64 = Debug|x64
		Release|x64 = Release|x64
	EndGlobalSection
	GlobalSection(ProjectConfigurationPlatforms) = postSolution
		{708C843D-BE42-4136-92B7-5F7C950AA1D4}.Debug|x64.ActiveCfg = Debug|x64
		{708C843D-BE42-4136-92B7-5F7C950AA1D4}.Debug|x64.Build.0 = Debug|x64
		{708C843D-BE42-4136-92B7-5F7C950AA1D4}.Release|x64.ActiveCfg = Release|x64
		{708C843D-BE42-4136-92B7-5F7C950AA1D4}.Release|x64.Build.0 = Release|x64
		{EB220A3D-0CC0-4338-B0E2-96A951F346DE}.Debug|x64.ActiveCfg = Debug|x64
		{EB220A3D-0CC0-4338-B0E2-96A951F346DE}.Debug|x64.Build.0 = Debug|x64
		{EB220A3D-0CC0-4338-B0E2-96A951F346DE}.Release|x64.ActiveCfg = Release|x64
		{EB220A3D-0CC0-4338-B0E2-96A951F346DE}.Release|x64.Build.0 = Release|x64
		{D2BD7BF8-E0BF-4935-954A-DB0D04DC6E0E}.Debug|x64.ActiveCfg = Debug|x64
		{D2BD7BF8-E0BF-4935-954A-DB0D04DC6E0E}.Debug|x64.Build.0 = Debug|x64
		{D2BD7BF8-E0BF-4935-954A-DB0D04DC6E0E}.Release|x64.ActiveCfg = Release|x64
		{D2BD7BF8-E0BF-4935-954A-DB0D04DC6E0E}.Release|x64.Build.0 = Release|x64
	EndGlobalSection
	GlobalSection(SolutionProperties) = preSolution
		HideSolutionNode = FALSE
	EndGlobalSection
	GlobalSection(ExtensibilityGlobals) = postSolution
		SolutionGuid = {F8497BC1-7A95-4183-9FE9-8976831E48CB}
	EndGlobalSection
EndGlobal
